PODS:
  - LocationPicker (0.0.1)

DEPENDENCIES:
  - LocationPicker (from `/Users/salah/Salah_Mohammed/Projects/IOSProjects/Own/MyLibraries/LocationPicker`)

EXTERNAL SOURCES:
  LocationPicker:
    :path: "/Users/salah/Salah_Mohammed/Projects/IOSProjects/Own/MyLibraries/LocationPicker"

SPEC CHECKSUMS:
  LocationPicker: 1d9b0d571ded8742bd819fdbe7111e7ee9aaf62c

PODFILE CHECKSUM: 1f1af187c5d7501f9b8edb39ed3e939976fb9069

COCOAPODS: 1.9.1
